
Microsoft Visual Studio Solution File, Format Version 12.00
# Visual Studio Version 17
VisualStudioVersion = 17.7.34009.444
MinimumVisualStudioVersion = 10.0.40219.1
Project("{9A19103F-16F7-4668-BE54-9A1E7A4F7556}") = "ECommerce.Api.Products", "ECommerce.Api.Products\ECommerce.Api.Products.csproj", "{E23E078D-9798-4594-9F2D-520ACD45357E}"
EndProject
Project("{9A19103F-16F7-4668-BE54-9A1E7A4F7556}") = "ECommerce.Api.Customers", "ECommerce.Api.Customers\ECommerce.Api.Customers.csproj", "{A6266F4B-E962-40D6-8388-A093AD88D3C5}"
EndProject
Project("{9A19103F-16F7-4668-BE54-9A1E7A4F7556}") = "ECommerce.Api.Orders", "ECommerce.Api.Orders\ECommerce.Api.Orders.csproj", "{B9B6C53E-17D2-4237-B16A-87E70716BE74}"
EndProject
Project("{9A19103F-16F7-4668-BE54-9A1E7A4F7556}") = "ECommerce.Api.Search", "ECommerce.Api.Search\ECommerce.Api.Search.csproj", "{05471E73-CD7C-4F15-8551-5AC6F455D6B2}"
EndProject
Project("{9A19103F-16F7-4668-BE54-9A1E7A4F7556}") = "ECommerce.Api.Products.Tests", "ECommerce.Api.Products.Tests\ECommerce.Api.Products.Tests.csproj", "{4C0B8375-F080-4AB3-B820-4F61A4748F70}"
EndProject
Project("{E53339B2-1760-4266-BCC7-CA923CBCF16C}") = "docker-compose", "docker-compose.dcproj", "{6C9F00D7-DAC9-43E2-AA7C-B1B1CD17B90A}"
EndProject
Global
	GlobalSection(SolutionConfigurationPlatforms) = preSolution
		Debug|Any CPU = Debug|Any CPU
		Release|Any CPU = Release|Any CPU
	EndGlobalSection
	GlobalSection(ProjectConfigurationPlatforms) = postSolution
		{E23E078D-9798-4594-9F2D-520ACD45357E}.Debug|Any CPU.ActiveCfg = Debug|Any CPU
		{E23E078D-9798-4594-9F2D-520ACD45357E}.Debug|Any CPU.Build.0 = Debug|Any CPU
		{E23E078D-9798-4594-9F2D-520ACD45357E}.Release|Any CPU.ActiveCfg = Release|Any CPU
		{E23E078D-9798-4594-9F2D-520ACD45357E}.Release|Any CPU.Build.0 = Release|Any CPU
		{A6266F4B-E962-40D6-8388-A093AD88D3C5}.Debug|Any CPU.ActiveCfg = Debug|Any CPU
		{A6266F4B-E962-40D6-8388-A093AD88D3C5}.Debug|Any CPU.Build.0 = Debug|Any CPU
		{A6266F4B-E962-40D6-8388-A093AD88D3C5}.Release|Any CPU.ActiveCfg = Release|Any CPU
		{A6266F4B-E962-40D6-8388-A093AD88D3C5}.Release|Any CPU.Build.0 = Release|Any CPU
		{B9B6C53E-17D2-4237-B16A-87E70716BE74}.Debug|Any CPU.ActiveCfg = Debug|Any CPU
		{B9B6C53E-17D2-4237-B16A-87E70716BE74}.Debug|Any CPU.Build.0 = Debug|Any CPU
		{B9B6C53E-17D2-4237-B16A-87E70716BE74}.Release|Any CPU.ActiveCfg = Release|Any CPU
		{B9B6C53E-17D2-4237-B16A-87E70716BE74}.Release|Any CPU.Build.0 = Release|Any CPU
		{05471E73-CD7C-4F15-8551-5AC6F455D6B2}.Debug|Any CPU.ActiveCfg = Debug|Any CPU
		{05471E73-CD7C-4F15-8551-5AC6F455D6B2}.Debug|Any CPU.Build.0 = Debug|Any CPU
		{05471E73-CD7C-4F15-8551-5AC6F455D6B2}.Release|Any CPU.ActiveCfg = Release|Any CPU
		{05471E73-CD7C-4F15-8551-5AC6F455D6B2}.Release|Any CPU.Build.0 = Release|Any CPU
		{4C0B8375-F080-4AB3-B820-4F61A4748F70}.Debug|Any CPU.ActiveCfg = Debug|Any CPU
		{4C0B8375-F080-4AB3-B820-4F61A4748F70}.Debug|Any CPU.Build.0 = Debug|Any CPU
		{4C0B8375-F080-4AB3-B820-4F61A4748F70}.Release|Any CPU.ActiveCfg = Release|Any CPU
		{4C0B8375-F080-4AB3-B820-4F61A4748F70}.Release|Any CPU.Build.0 = Release|Any CPU
		{6C9F00D7-DAC9-43E2-AA7C-B1B1CD17B90A}.Debug|Any CPU.ActiveCfg = Debug|Any CPU
		{6C9F00D7-DAC9-43E2-AA7C-B1B1CD17B90A}.Debug|Any CPU.Build.0 = Debug|Any CPU
		{6C9F00D7-DAC9-43E2-AA7C-B1B1CD17B90A}.Release|Any CPU.ActiveCfg = Release|Any CPU
		{6C9F00D7-DAC9-43E2-AA7C-B1B1CD17B90A}.Release|Any CPU.Build.0 = Release|Any CPU
	EndGlobalSection
	GlobalSection(SolutionProperties) = preSolution
		HideSolutionNode = FALSE
	EndGlobalSection
	GlobalSection(ExtensibilityGlobals) = postSolution
		SolutionGuid = {29AAEF57-828E-4A37-8F95-5CB8D6F43B87}
	EndGlobalSection
EndGlobal
