
Microsoft Visual Studio Solution File, Format Version 12.00
# Visual Studio Version 17
VisualStudioVersion = 17.7.34009.444
MinimumVisualStudioVersion = 10.0.40219.1
Project("{FAE04EC0-301F-11D3-BF4B-00C04F79EFBC}") = "ECommerce.Api.Products", "ECommerce.Api.Products\ECommerce.Api.Products.csproj", "{E23E078D-9798-4594-9F2D-520ACD45357E}"
EndProject
Project("{FAE04EC0-301F-11D3-BF4B-00C04F79EFBC}") = "ECommerce.Api.Customers", "ECommerce.Api.Customers\ECommerce.Api.Customers.csproj", "{A6266F4B-E962-40D6-8388-A093AD88D3C5}"
EndProject
Project("{FAE04EC0-301F-11D3-BF4B-00C04F79EFBC}") = "ECommerce.Api.Orders", "ECommerce.Api.Orders\ECommerce.Api.Orders.csproj", "{B9B6C53E-17D2-4237-B16A-87E70716BE74}"
EndProject
Project("{FAE04EC0-301F-11D3-BF4B-00C04F79EFBC}") = "ECommerce.Api.Search", "ECommerce.Api.Search\ECommerce.Api.Search.csproj", "{05471E73-CD7C-4F15-8551-5AC6F455D6B2}"
EndProject
Global
	GlobalSection(SolutionConfigurationPlatforms) = preSolution
		Debug|Any CPU = Debug|Any CPU
		Release|Any CPU = Release|Any CPU
	EndGlobalSection
	GlobalSection(ProjectConfigurationPlatforms) = postSolution
		{E23E078D-9798-4594-9F2D-520ACD45357E}.Debug|Any CPU.ActiveCfg = Debug|Any CPU
		{E23E078D-9798-4594-9F2D-520ACD45357E}.Debug|Any CPU.Build.0 = Debug|Any CPU
		{E23E078D-9798-4594-9F2D-520ACD45357E}.Release|Any CPU.ActiveCfg = Release|Any CPU
		{E23E078D-9798-4594-9F2D-520ACD45357E}.Release|Any CPU.Build.0 = Release|Any CPU
		{A6266F4B-E962-40D6-8388-A093AD88D3C5}.Debug|Any CPU.ActiveCfg = Debug|Any CPU
		{A6266F4B-E962-40D6-8388-A093AD88D3C5}.Debug|Any CPU.Build.0 = Debug|Any CPU
		{A6266F4B-E962-40D6-8388-A093AD88D3C5}.Release|Any CPU.ActiveCfg = Release|Any CPU
		{A6266F4B-E962-40D6-8388-A093AD88D3C5}.Release|Any CPU.Build.0 = Release|Any CPU
		{B9B6C53E-17D2-4237-B16A-87E70716BE74}.Debug|Any CPU.ActiveCfg = Debug|Any CPU
		{B9B6C53E-17D2-4237-B16A-87E70716BE74}.Debug|Any CPU.Build.0 = Debug|Any CPU
		{B9B6C53E-17D2-4237-B16A-87E70716BE74}.Release|Any CPU.ActiveCfg = Release|Any CPU
		{B9B6C53E-17D2-4237-B16A-87E70716BE74}.Release|Any CPU.Build.0 = Release|Any CPU
		{05471E73-CD7C-4F15-8551-5AC6F455D6B2}.Debug|Any CPU.ActiveCfg = Debug|Any CPU
		{05471E73-CD7C-4F15-8551-5AC6F455D6B2}.Debug|Any CPU.Build.0 = Debug|Any CPU
		{05471E73-CD7C-4F15-8551-5AC6F455D6B2}.Release|Any CPU.ActiveCfg = Release|Any CPU
		{05471E73-CD7C-4F15-8551-5AC6F455D6B2}.Release|Any CPU.Build.0 = Release|Any CPU
	EndGlobalSection
	GlobalSection(SolutionProperties) = preSolution
		HideSolutionNode = FALSE
	EndGlobalSection
	GlobalSection(ExtensibilityGlobals) = postSolution
		SolutionGuid = {29AAEF57-828E-4A37-8F95-5CB8D6F43B87}
	EndGlobalSection
EndGlobal
